// !$*UTF8*$!
{
	archiveVersion = 1;
	classes = {
	};
	objectVersion = 56;
	objects = {

/* Begin PBXBuildFile section */
		0356D9A02B0D883C00E65C6B /* Utilities.m in Sources */ = {isa = PBXBuildFile; fileRef = 0356D99F2B0D883C00E65C6B /* Utilities.m */; };
		03646C642B2A7A6C00119926 /* Instructions.m in Sources */ = {isa = PBXBuildFile; fileRef = 03646C632B2A7A6C00119926 /* Instructions.m */; };
		03AFEB762B08609C00A6D3B0 /* VM.m in Sources */ = {isa = PBXBuildFile; fileRef = 03AFEB752B08609C00A6D3B0 /* VM.m */; };
		03AFEB7A2B086DE700A6D3B0 /* Stack.m in Sources */ = {isa = PBXBuildFile; fileRef = 03AFEB792B086DE700A6D3B0 /* Stack.m */; };
		03E2E2452B0598B6008D2356 /* Main.m in Sources */ = {isa = PBXBuildFile; fileRef = 03E2E2442B0598B6008D2356 /* Main.m */; };
/* End PBXBuildFile section */

/* Begin PBXBuildRule section */
		03E2E24B2B0598FB008D2356 /* PBXBuildRule */ = {
			isa = PBXBuildRule;
			compilerSpec = com.apple.compilers.proxy.script;
			fileType = pattern.proxy;
			inputFiles = (
			);
			isEditable = 1;
			outputFiles = (
			);
			script = "# Type a script or drag a script file from your workspace to insert its path.\n";
		};
/* End PBXBuildRule section */

/* Begin PBXCopyFilesBuildPhase section */
		03E2E23F2B0598B6008D2356 /* CopyFiles */ = {
			isa = PBXCopyFilesBuildPhase;
			buildActionMask = 2147483647;
			dstPath = /usr/share/man/man1/;
			dstSubfolderSpec = 0;
			files = (
			);
			runOnlyForDeploymentPostprocessing = 1;
		};
/* End PBXCopyFilesBuildPhase section */

/* Begin PBXFileReference section */
		030070242B05B510007B0BC1 /* Foundation.framework */ = {isa = PBXFileReference; lastKnownFileType = wrapper.framework; name = Foundation.framework; path = System/Library/Frameworks/Foundation.framework; sourceTree = SDKROOT; };
		031E865A2B16C39D003013CB /* Headers */ = {isa = PBXFileReference; lastKnownFileType = folder; path = Headers; sourceTree = "<group>"; };
		0356D99F2B0D883C00E65C6B /* Utilities.m */ = {isa = PBXFileReference; lastKnownFileType = sourcecode.c.objc; path = Utilities.m; sourceTree = "<group>"; };
		03646C632B2A7A6C00119926 /* Instructions.m */ = {isa = PBXFileReference; fileEncoding = 4; lastKnownFileType = sourcecode.c.objc; path = Instructions.m; sourceTree = "<group>"; };
		03AFEB752B08609C00A6D3B0 /* VM.m */ = {isa = PBXFileReference; lastKnownFileType = sourcecode.c.objc; path = VM.m; sourceTree = "<group>"; };
		03AFEB792B086DE700A6D3B0 /* Stack.m */ = {isa = PBXFileReference; lastKnownFileType = sourcecode.c.objc; path = Stack.m; sourceTree = "<group>"; };
		03E2E2412B0598B6008D2356 /* Chime */ = {isa = PBXFileReference; explicitFileType = "compiled.mach-o.executable"; includeInIndex = 0; path = Chime; sourceTree = BUILT_PRODUCTS_DIR; };
		03E2E2442B0598B6008D2356 /* Main.m */ = {isa = PBXFileReference; lastKnownFileType = sourcecode.c.objc; path = Main.m; sourceTree = "<group>"; };
/* End PBXFileReference section */

/* Begin PBXFrameworksBuildPhase section */
		03E2E23E2B0598B6008D2356 /* Frameworks */ = {
			isa = PBXFrameworksBuildPhase;
			buildActionMask = 2147483647;
			files = (
			);
			runOnlyForDeploymentPostprocessing = 0;
		};
/* End PBXFrameworksBuildPhase section */

/* Begin PBXGroup section */
		030070232B05B510007B0BC1 /* Frameworks */ = {
			isa = PBXGroup;
			children = (
				030070242B05B510007B0BC1 /* Foundation.framework */,
			);
			name = Frameworks;
			sourceTree = "<group>";
		};
		03E2E2382B0598B6008D2356 = {
			isa = PBXGroup;
			children = (
				03E2E2432B0598B6008D2356 /* Chime */,
				03E2E2422B0598B6008D2356 /* Products */,
				030070232B05B510007B0BC1 /* Frameworks */,
			);
			sourceTree = "<group>";
		};
		03E2E2422B0598B6008D2356 /* Products */ = {
			isa = PBXGroup;
			children = (
				03E2E2412B0598B6008D2356 /* Chime */,
			);
			name = Products;
			sourceTree = "<group>";
		};
		03E2E2432B0598B6008D2356 /* Chime */ = {
			isa = PBXGroup;
			children = (
				031E865A2B16C39D003013CB /* Headers */,
				03E2E2442B0598B6008D2356 /* Main.m */,
				03646C632B2A7A6C00119926 /* Instructions.m */,
				03AFEB752B08609C00A6D3B0 /* VM.m */,
				03AFEB792B086DE700A6D3B0 /* Stack.m */,
				0356D99F2B0D883C00E65C6B /* Utilities.m */,
			);
			path = Chime;
			sourceTree = "<group>";
		};
/* End PBXGroup section */

/* Begin PBXNativeTarget section */
		03E2E2402B0598B6008D2356 /* Chime */ = {
			isa = PBXNativeTarget;
			buildConfigurationList = 03E2E2482B0598B6008D2356 /* Build configuration list for PBXNativeTarget "Chime" */;
			buildPhases = (
				03E2E23D2B0598B6008D2356 /* Sources */,
				03E2E23E2B0598B6008D2356 /* Frameworks */,
				03E2E23F2B0598B6008D2356 /* CopyFiles */,
			);
			buildRules = (
				03E2E24B2B0598FB008D2356 /* PBXBuildRule */,
			);
			dependencies = (
			);
			name = Chime;
			productName = Chime;
			productReference = 03E2E2412B0598B6008D2356 /* Chime */;
			productType = "com.apple.product-type.tool";
		};
/* End PBXNativeTarget section */

/* Begin PBXProject section */
		03E2E2392B0598B6008D2356 /* Project object */ = {
			isa = PBXProject;
			attributes = {
				BuildIndependentTargetsInParallel = 1;
				LastUpgradeCheck = 1500;
				TargetAttributes = {
					03E2E2402B0598B6008D2356 = {
						CreatedOnToolsVersion = 15.0.1;
					};
				};
			};
			buildConfigurationList = 03E2E23C2B0598B6008D2356 /* Build configuration list for PBXProject "Chime" */;
			compatibilityVersion = "Xcode 14.0";
			developmentRegion = en;
			hasScannedForEncodings = 0;
			knownRegions = (
				en,
				Base,
			);
			mainGroup = 03E2E2382B0598B6008D2356;
			productRefGroup = 03E2E2422B0598B6008D2356 /* Products */;
			projectDirPath = "";
			projectRoot = "";
			targets = (
				03E2E2402B0598B6008D2356 /* Chime */,
			);
		};
/* End PBXProject section */

/* Begin PBXSourcesBuildPhase section */
		03E2E23D2B0598B6008D2356 /* Sources */ = {
			isa = PBXSourcesBuildPhase;
			buildActionMask = 2147483647;
			files = (
				03AFEB7A2B086DE700A6D3B0 /* Stack.m in Sources */,
				03AFEB762B08609C00A6D3B0 /* VM.m in Sources */,
				0356D9A02B0D883C00E65C6B /* Utilities.m in Sources */,
				03646C642B2A7A6C00119926 /* Instructions.m in Sources */,
				03E2E2452B0598B6008D2356 /* Main.m in Sources */,
			);
			runOnlyForDeploymentPostprocessing = 0;
		};
/* End PBXSourcesBuildPhase section */

/* Begin XCBuildConfiguration section */
		03E2E2462B0598B6008D2356 /* Debug */ = {
			isa = XCBuildConfiguration;
			buildSettings = {
				ALWAYS_SEARCH_USER_PATHS = NO;
				ASSETCATALOG_COMPILER_GENERATE_SWIFT_ASSET_SYMBOL_EXTENSIONS = YES;
				CLANG_ANALYZER_NONNULL = YES;
				CLANG_ANALYZER_NUMBER_OBJECT_CONVERSION = YES_AGGRESSIVE;
				CLANG_CXX_LANGUAGE_STANDARD = "gnu++20";
				CLANG_ENABLE_MODULES = YES;
				CLANG_ENABLE_OBJC_ARC = YES;
				CLANG_ENABLE_OBJC_WEAK = YES;
				CLANG_WARN_BLOCK_CAPTURE_AUTORELEASING = YES;
				CLANG_WARN_BOOL_CONVERSION = YES;
				CLANG_WARN_COMMA = YES;
				CLANG_WARN_CONSTANT_CONVERSION = YES;
				CLANG_WARN_DEPRECATED_OBJC_IMPLEMENTATIONS = YES;
				CLANG_WARN_DIRECT_OBJC_ISA_USAGE = YES_ERROR;
				CLANG_WARN_DOCUMENTATION_COMMENTS = YES;
				CLANG_WARN_EMPTY_BODY = YES;
				CLANG_WARN_ENUM_CONVERSION = YES;
				CLANG_WARN_INFINITE_RECURSION = YES;
				CLANG_WARN_INT_CONVERSION = YES;
				CLANG_WARN_NON_LITERAL_NULL_CONVERSION = YES;
				CLANG_WARN_OBJC_IMPLICIT_RETAIN_SELF = YES;
				CLANG_WARN_OBJC_LITERAL_CONVERSION = YES;
				CLANG_WARN_OBJC_ROOT_CLASS = YES_ERROR;
				CLANG_WARN_QUOTED_INCLUDE_IN_FRAMEWORK_HEADER = YES;
				CLANG_WARN_RANGE_LOOP_ANALYSIS = YES;
				CLANG_WARN_STRICT_PROTOTYPES = YES;
				CLANG_WARN_SUSPICIOUS_MOVE = YES;
				CLANG_WARN_UNGUARDED_AVAILABILITY = YES_AGGRESSIVE;
				CLANG_WARN_UNREACHABLE_CODE = YES;
				CLANG_WARN__DUPLICATE_METHOD_MATCH = YES;
				COPY_PHASE_STRIP = NO;
				DEBUG_INFORMATION_FORMAT = dwarf;
				ENABLE_STRICT_OBJC_MSGSEND = YES;
				ENABLE_TESTABILITY = YES;
				ENABLE_USER_SCRIPT_SANDBOXING = YES;
				GCC_C_LANGUAGE_STANDARD = gnu17;
				GCC_DYNAMIC_NO_PIC = NO;
				GCC_NO_COMMON_BLOCKS = YES;
				GCC_OPTIMIZATION_LEVEL = 0;
				GCC_PREPROCESSOR_DEFINITIONS = (
					"DEBUG=1",
					"$(inherited)",
				);
				GCC_WARN_64_TO_32_BIT_CONVERSION = YES;
				GCC_WARN_ABOUT_RETURN_TYPE = YES_ERROR;
				GCC_WARN_UNDECLARED_SELECTOR = YES;
				GCC_WARN_UNINITIALIZED_AUTOS = YES_AGGRESSIVE;
				GCC_WARN_UNUSED_FUNCTION = YES;
				GCC_WARN_UNUSED_VARIABLE = YES;
				LOCALIZATION_PREFERS_STRING_CATALOGS = YES;
				MACOSX_DEPLOYMENT_TARGET = 14.0;
				MTL_ENABLE_DEBUG_INFO = INCLUDE_SOURCE;
				MTL_FAST_MATH = YES;
				ONLY_ACTIVE_ARCH = YES;
				SDKROOT = macosx;
			};
			name = Debug;
		};
		03E2E2472B0598B6008D2356 /* Release */ = {
			isa = XCBuildConfiguration;
			buildSettings = {
				ALWAYS_SEARCH_USER_PATHS = NO;
				ASSETCATALOG_COMPILER_GENERATE_SWIFT_ASSET_SYMBOL_EXTENSIONS = YES;
				CLANG_ANALYZER_NONNULL = YES;
				CLANG_ANALYZER_NUMBER_OBJECT_CONVERSION = YES_AGGRESSIVE;
				CLANG_CXX_LANGUAGE_STANDARD = "gnu++20";
				CLANG_ENABLE_MODULES = YES;
				CLANG_ENABLE_OBJC_ARC = YES;
				CLANG_ENABLE_OBJC_WEAK = YES;
				CLANG_WARN_BLOCK_CAPTURE_AUTORELEASING = YES;
				CLANG_WARN_BOOL_CONVERSION = YES;
				CLANG_WARN_COMMA = YES;
				CLANG_WARN_CONSTANT_CONVERSION = YES;
				CLANG_WARN_DEPRECATED_OBJC_IMPLEMENTATIONS = YES;
				CLANG_WARN_DIRECT_OBJC_ISA_USAGE = YES_ERROR;
				CLANG_WARN_DOCUMENTATION_COMMENTS = YES;
				CLANG_WARN_EMPTY_BODY = YES;
				CLANG_WARN_ENUM_CONVERSION = YES;
				CLANG_WARN_INFINITE_RECURSION = YES;
				CLANG_WARN_INT_CONVERSION = YES;
				CLANG_WARN_NON_LITERAL_NULL_CONVERSION = YES;
				CLANG_WARN_OBJC_IMPLICIT_RETAIN_SELF = YES;
				CLANG_WARN_OBJC_LITERAL_CONVERSION = YES;
				CLANG_WARN_OBJC_ROOT_CLASS = YES_ERROR;
				CLANG_WARN_QUOTED_INCLUDE_IN_FRAMEWORK_HEADER = YES;
				CLANG_WARN_RANGE_LOOP_ANALYSIS = YES;
				CLANG_WARN_STRICT_PROTOTYPES = YES;
				CLANG_WARN_SUSPICIOUS_MOVE = YES;
				CLANG_WARN_UNGUARDED_AVAILABILITY = YES_AGGRESSIVE;
				CLANG_WARN_UNREACHABLE_CODE = YES;
				CLANG_WARN__DUPLICATE_METHOD_MATCH = YES;
				COPY_PHASE_STRIP = NO;
				DEBUG_INFORMATION_FORMAT = "dwarf-with-dsym";
				ENABLE_NS_ASSERTIONS = NO;
				ENABLE_STRICT_OBJC_MSGSEND = YES;
				ENABLE_USER_SCRIPT_SANDBOXING = YES;
				GCC_C_LANGUAGE_STANDARD = gnu17;
				GCC_NO_COMMON_BLOCKS = YES;
				GCC_WARN_64_TO_32_BIT_CONVERSION = YES;
				GCC_WARN_ABOUT_RETURN_TYPE = YES_ERROR;
				GCC_WARN_UNDECLARED_SELECTOR = YES;
				GCC_WARN_UNINITIALIZED_AUTOS = YES_AGGRESSIVE;
				GCC_WARN_UNUSED_FUNCTION = YES;
				GCC_WARN_UNUSED_VARIABLE = YES;
				LOCALIZATION_PREFERS_STRING_CATALOGS = YES;
				MACOSX_DEPLOYMENT_TARGET = 14.0;
				MTL_ENABLE_DEBUG_INFO = NO;
				MTL_FAST_MATH = YES;
				SDKROOT = macosx;
			};
			name = Release;
		};
		03E2E2492B0598B6008D2356 /* Debug */ = {
			isa = XCBuildConfiguration;
			buildSettings = {
				CODE_SIGN_STYLE = Automatic;
				DEVELOPMENT_TEAM = 88HG76DG9W;
				ENABLE_HARDENED_RUNTIME = YES;
				PRODUCT_NAME = "$(TARGET_NAME)";
			};
			name = Debug;
		};
		03E2E24A2B0598B6008D2356 /* Release */ = {
			isa = XCBuildConfiguration;
			buildSettings = {
				CODE_SIGN_STYLE = Automatic;
				DEVELOPMENT_TEAM = 88HG76DG9W;
				ENABLE_HARDENED_RUNTIME = YES;
				PRODUCT_NAME = "$(TARGET_NAME)";
			};
			name = Release;
		};
/* End XCBuildConfiguration section */

/* Begin XCConfigurationList section */
		03E2E23C2B0598B6008D2356 /* Build configuration list for PBXProject "Chime" */ = {
			isa = XCConfigurationList;
			buildConfigurations = (
				03E2E2462B0598B6008D2356 /* Debug */,
				03E2E2472B0598B6008D2356 /* Release */,
			);
			defaultConfigurationIsVisible = 0;
			defaultConfigurationName = Release;
		};
		03E2E2482B0598B6008D2356 /* Build configuration list for PBXNativeTarget "Chime" */ = {
			isa = XCConfigurationList;
			buildConfigurations = (
				03E2E2492B0598B6008D2356 /* Debug */,
				03E2E24A2B0598B6008D2356 /* Release */,
			);
			defaultConfigurationIsVisible = 0;
			defaultConfigurationName = Release;
		};
/* End XCConfigurationList section */
	};
	rootObject = 03E2E2392B0598B6008D2356 /* Project object */;
}
